// !$*UTF8*$!
{
	archiveVersion = 1;
	classes = {
	};
	objectVersion = 50;
	objects = {

/* Begin PBXBuildFile section */
		EBD6157C2673DA9F00AF7E8F /* AppDelegate.swift in Sources */ = {isa = PBXBuildFile; fileRef = EBD6157B2673DA9F00AF7E8F /* AppDelegate.swift */; };
		EBD6157E2673DA9F00AF7E8F /* SceneDelegate.swift in Sources */ = {isa = PBXBuildFile; fileRef = EBD6157D2673DA9F00AF7E8F /* SceneDelegate.swift */; };
		EBD615802673DA9F00AF7E8F /* ViewController.swift in Sources */ = {isa = PBXBuildFile; fileRef = EBD6157F2673DA9F00AF7E8F /* ViewController.swift */; };
		EBD615832673DA9F00AF7E8F /* Main.storyboard in Resources */ = {isa = PBXBuildFile; fileRef = EBD615812673DA9F00AF7E8F /* Main.storyboard */; };
		EBD615852673DAA200AF7E8F /* Assets.xcassets in Resources */ = {isa = PBXBuildFile; fileRef = EBD615842673DAA200AF7E8F /* Assets.xcassets */; };
		EBD615882673DAA200AF7E8F /* LaunchScreen.storyboard in Resources */ = {isa = PBXBuildFile; fileRef = EBD615862673DAA200AF7E8F /* LaunchScreen.storyboard */; };
		EBD615932673DB2E00AF7E8F /* ProfileView.xib in Resources */ = {isa = PBXBuildFile; fileRef = EBD615922673DB2E00AF7E8F /* ProfileView.xib */; };
		EBD615952673DB6400AF7E8F /* ProfileView.swift in Sources */ = {isa = PBXBuildFile; fileRef = EBD615942673DB6400AF7E8F /* ProfileView.swift */; };
		EBD615972673E21A00AF7E8F /* Profile.storyboard in Resources */ = {isa = PBXBuildFile; fileRef = EBD615962673E21A00AF7E8F /* Profile.storyboard */; };
		EBD615992673E25500AF7E8F /* ProfileViewController.swift in Sources */ = {isa = PBXBuildFile; fileRef = EBD615982673E25500AF7E8F /* ProfileViewController.swift */; };
/* End PBXBuildFile section */

/* Begin PBXFileReference section */
		EBD615782673DA9F00AF7E8F /* Netology_IB_Instruments.app */ = {isa = PBXFileReference; explicitFileType = wrapper.application; includeInIndex = 0; path = Netology_IB_Instruments.app; sourceTree = BUILT_PRODUCTS_DIR; };
		EBD6157B2673DA9F00AF7E8F /* AppDelegate.swift */ = {isa = PBXFileReference; lastKnownFileType = sourcecode.swift; path = AppDelegate.swift; sourceTree = "<group>"; };
		EBD6157D2673DA9F00AF7E8F /* SceneDelegate.swift */ = {isa = PBXFileReference; lastKnownFileType = sourcecode.swift; path = SceneDelegate.swift; sourceTree = "<group>"; };
		EBD6157F2673DA9F00AF7E8F /* ViewController.swift */ = {isa = PBXFileReference; lastKnownFileType = sourcecode.swift; path = ViewController.swift; sourceTree = "<group>"; };
		EBD615822673DA9F00AF7E8F /* Base */ = {isa = PBXFileReference; lastKnownFileType = file.storyboard; name = Base; path = Base.lproj/Main.storyboard; sourceTree = "<group>"; };
		EBD615842673DAA200AF7E8F /* Assets.xcassets */ = {isa = PBXFileReference; lastKnownFileType = folder.assetcatalog; path = Assets.xcassets; sourceTree = "<group>"; };
		EBD615872673DAA200AF7E8F /* Base */ = {isa = PBXFileReference; lastKnownFileType = file.storyboard; name = Base; path = Base.lproj/LaunchScreen.storyboard; sourceTree = "<group>"; };
		EBD615892673DAA200AF7E8F /* Info.plist */ = {isa = PBXFileReference; lastKnownFileType = text.plist.xml; path = Info.plist; sourceTree = "<group>"; };
		EBD615922673DB2E00AF7E8F /* ProfileView.xib */ = {isa = PBXFileReference; lastKnownFileType = file.xib; path = ProfileView.xib; sourceTree = "<group>"; };
		EBD615942673DB6400AF7E8F /* ProfileView.swift */ = {isa = PBXFileReference; lastKnownFileType = sourcecode.swift; path = ProfileView.swift; sourceTree = "<group>"; };
		EBD615962673E21A00AF7E8F /* Profile.storyboard */ = {isa = PBXFileReference; lastKnownFileType = file.storyboard; path = Profile.storyboard; sourceTree = "<group>"; };
		EBD615982673E25500AF7E8F /* ProfileViewController.swift */ = {isa = PBXFileReference; lastKnownFileType = sourcecode.swift; path = ProfileViewController.swift; sourceTree = "<group>"; };
/* End PBXFileReference section */

/* Begin PBXFrameworksBuildPhase section */
		EBD615752673DA9F00AF7E8F /* Frameworks */ = {
			isa = PBXFrameworksBuildPhase;
			buildActionMask = 2147483647;
			files = (
			);
			runOnlyForDeploymentPostprocessing = 0;
		};
/* End PBXFrameworksBuildPhase section */

/* Begin PBXGroup section */
		EBD6156F2673DA9F00AF7E8F = {
			isa = PBXGroup;
			children = (
				EBD6158F2673DABF00AF7E8F /* MyFiles */,
				EBD6157A2673DA9F00AF7E8F /* Netology_IB_Instruments */,
				EBD615792673DA9F00AF7E8F /* Products */,
			);
			sourceTree = "<group>";
		};
		EBD615792673DA9F00AF7E8F /* Products */ = {
			isa = PBXGroup;
			children = (
				EBD615782673DA9F00AF7E8F /* Netology_IB_Instruments.app */,
			);
			name = Products;
			sourceTree = "<group>";
		};
		EBD6157A2673DA9F00AF7E8F /* Netology_IB_Instruments */ = {
			isa = PBXGroup;
			children = (
				EBD6157B2673DA9F00AF7E8F /* AppDelegate.swift */,
				EBD6157D2673DA9F00AF7E8F /* SceneDelegate.swift */,
				EBD6157F2673DA9F00AF7E8F /* ViewController.swift */,
				EBD615812673DA9F00AF7E8F /* Main.storyboard */,
				EBD615842673DAA200AF7E8F /* Assets.xcassets */,
				EBD615862673DAA200AF7E8F /* LaunchScreen.storyboard */,
				EBD615892673DAA200AF7E8F /* Info.plist */,
			);
			path = Netology_IB_Instruments;
			sourceTree = "<group>";
		};
		EBD6158F2673DABF00AF7E8F /* MyFiles */ = {
			isa = PBXGroup;
			children = (
				EBD615922673DB2E00AF7E8F /* ProfileView.xib */,
				EBD615942673DB6400AF7E8F /* ProfileView.swift */,
				EBD615962673E21A00AF7E8F /* Profile.storyboard */,
				EBD615982673E25500AF7E8F /* ProfileViewController.swift */,
			);
			path = MyFiles;
			sourceTree = "<group>";
		};
/* End PBXGroup section */

/* Begin PBXNativeTarget section */
		EBD615772673DA9F00AF7E8F /* Netology_IB_Instruments */ = {
			isa = PBXNativeTarget;
			buildConfigurationList = EBD6158C2673DAA200AF7E8F /* Build configuration list for PBXNativeTarget "Netology_IB_Instruments" */;
			buildPhases = (
				EBD615742673DA9F00AF7E8F /* Sources */,
				EBD615752673DA9F00AF7E8F /* Frameworks */,
				EBD615762673DA9F00AF7E8F /* Resources */,
			);
			buildRules = (
			);
			dependencies = (
			);
			name = Netology_IB_Instruments;
			productName = Netology_IB_Instruments;
			productReference = EBD615782673DA9F00AF7E8F /* Netology_IB_Instruments.app */;
			productType = "com.apple.product-type.application";
		};
/* End PBXNativeTarget section */

/* Begin PBXProject section */
		EBD615702673DA9F00AF7E8F /* Project object */ = {
			isa = PBXProject;
			attributes = {
				LastSwiftUpdateCheck = 1250;
				LastUpgradeCheck = 1250;
				TargetAttributes = {
					EBD615772673DA9F00AF7E8F = {
						CreatedOnToolsVersion = 12.5;
					};
				};
			};
			buildConfigurationList = EBD615732673DA9F00AF7E8F /* Build configuration list for PBXProject "Netology_IB_Instruments" */;
			compatibilityVersion = "Xcode 9.3";
			developmentRegion = en;
			hasScannedForEncodings = 0;
			knownRegions = (
				en,
				Base,
			);
			mainGroup = EBD6156F2673DA9F00AF7E8F;
			productRefGroup = EBD615792673DA9F00AF7E8F /* Products */;
			projectDirPath = "";
			projectRoot = "";
			targets = (
				EBD615772673DA9F00AF7E8F /* Netology_IB_Instruments */,
			);
		};
/* End PBXProject section */

/* Begin PBXResourcesBuildPhase section */
		EBD615762673DA9F00AF7E8F /* Resources */ = {
			isa = PBXResourcesBuildPhase;
			buildActionMask = 2147483647;
			files = (
				EBD615932673DB2E00AF7E8F /* ProfileView.xib in Resources */,
				EBD615882673DAA200AF7E8F /* LaunchScreen.storyboard in Resources */,
				EBD615972673E21A00AF7E8F /* Profile.storyboard in Resources */,
				EBD615852673DAA200AF7E8F /* Assets.xcassets in Resources */,
				EBD615832673DA9F00AF7E8F /* Main.storyboard in Resources */,
			);
			runOnlyForDeploymentPostprocessing = 0;
		};
/* End PBXResourcesBuildPhase section */

/* Begin PBXSourcesBuildPhase section */
		EBD615742673DA9F00AF7E8F /* Sources */ = {
			isa = PBXSourcesBuildPhase;
			buildActionMask = 2147483647;
			files = (
				EBD615952673DB6400AF7E8F /* ProfileView.swift in Sources */,
				EBD615802673DA9F00AF7E8F /* ViewController.swift in Sources */,
				EBD615992673E25500AF7E8F /* ProfileViewController.swift in Sources */,
				EBD6157C2673DA9F00AF7E8F /* AppDelegate.swift in Sources */,
				EBD6157E2673DA9F00AF7E8F /* SceneDelegate.swift in Sources */,
			);
			runOnlyForDeploymentPostprocessing = 0;
		};
/* End PBXSourcesBuildPhase section */

/* Begin PBXVariantGroup section */
		EBD615812673DA9F00AF7E8F /* Main.storyboard */ = {
			isa = PBXVariantGroup;
			children = (
				EBD615822673DA9F00AF7E8F /* Base */,
			);
			name = Main.storyboard;
			sourceTree = "<group>";
		};
		EBD615862673DAA200AF7E8F /* LaunchScreen.storyboard */ = {
			isa = PBXVariantGroup;
			children = (
				EBD615872673DAA200AF7E8F /* Base */,
			);
			name = LaunchScreen.storyboard;
			sourceTree = "<group>";
		};
/* End PBXVariantGroup section */

/* Begin XCBuildConfiguration section */
		EBD6158A2673DAA200AF7E8F /* Debug */ = {
			isa = XCBuildConfiguration;
			buildSettings = {
				ALWAYS_SEARCH_USER_PATHS = NO;
				CLANG_ANALYZER_NONNULL = YES;
				CLANG_ANALYZER_NUMBER_OBJECT_CONVERSION = YES_AGGRESSIVE;
				CLANG_CXX_LANGUAGE_STANDARD = "gnu++14";
				CLANG_CXX_LIBRARY = "libc++";
				CLANG_ENABLE_MODULES = YES;
				CLANG_ENABLE_OBJC_ARC = YES;
				CLANG_ENABLE_OBJC_WEAK = YES;
				CLANG_WARN_BLOCK_CAPTURE_AUTORELEASING = YES;
				CLANG_WARN_BOOL_CONVERSION = YES;
				CLANG_WARN_COMMA = YES;
				CLANG_WARN_CONSTANT_CONVERSION = YES;
				CLANG_WARN_DEPRECATED_OBJC_IMPLEMENTATIONS = YES;
				CLANG_WARN_DIRECT_OBJC_ISA_USAGE = YES_ERROR;
				CLANG_WARN_DOCUMENTATION_COMMENTS = YES;
				CLANG_WARN_EMPTY_BODY = YES;
				CLANG_WARN_ENUM_CONVERSION = YES;
				CLANG_WARN_INFINITE_RECURSION = YES;
				CLANG_WARN_INT_CONVERSION = YES;
				CLANG_WARN_NON_LITERAL_NULL_CONVERSION = YES;
				CLANG_WARN_OBJC_IMPLICIT_RETAIN_SELF = YES;
				CLANG_WARN_OBJC_LITERAL_CONVERSION = YES;
				CLANG_WARN_OBJC_ROOT_CLASS = YES_ERROR;
				CLANG_WARN_QUOTED_INCLUDE_IN_FRAMEWORK_HEADER = YES;
				CLANG_WARN_RANGE_LOOP_ANALYSIS = YES;
				CLANG_WARN_STRICT_PROTOTYPES = YES;
				CLANG_WARN_SUSPICIOUS_MOVE = YES;
				CLANG_WARN_UNGUARDED_AVAILABILITY = YES_AGGRESSIVE;
				CLANG_WARN_UNREACHABLE_CODE = YES;
				CLANG_WARN__DUPLICATE_METHOD_MATCH = YES;
				COPY_PHASE_STRIP = NO;
				DEBUG_INFORMATION_FORMAT = dwarf;
				ENABLE_STRICT_OBJC_MSGSEND = YES;
				ENABLE_TESTABILITY = YES;
				GCC_C_LANGUAGE_STANDARD = gnu11;
				GCC_DYNAMIC_NO_PIC = NO;
				GCC_NO_COMMON_BLOCKS = YES;
				GCC_OPTIMIZATION_LEVEL = 0;
				GCC_PREPROCESSOR_DEFINITIONS = (
					"DEBUG=1",
					"$(inherited)",
				);
				GCC_WARN_64_TO_32_BIT_CONVERSION = YES;
				GCC_WARN_ABOUT_RETURN_TYPE = YES_ERROR;
				GCC_WARN_UNDECLARED_SELECTOR = YES;
				GCC_WARN_UNINITIALIZED_AUTOS = YES_AGGRESSIVE;
				GCC_WARN_UNUSED_FUNCTION = YES;
				GCC_WARN_UNUSED_VARIABLE = YES;
				IPHONEOS_DEPLOYMENT_TARGET = 14.5;
				MTL_ENABLE_DEBUG_INFO = INCLUDE_SOURCE;
				MTL_FAST_MATH = YES;
				ONLY_ACTIVE_ARCH = YES;
				SDKROOT = iphoneos;
				SWIFT_ACTIVE_COMPILATION_CONDITIONS = DEBUG;
				SWIFT_OPTIMIZATION_LEVEL = "-Onone";
			};
			name = Debug;
		};
		EBD6158B2673DAA200AF7E8F /* Release */ = {
			isa = XCBuildConfiguration;
			buildSettings = {
				ALWAYS_SEARCH_USER_PATHS = NO;
				CLANG_ANALYZER_NONNULL = YES;
				CLANG_ANALYZER_NUMBER_OBJECT_CONVERSION = YES_AGGRESSIVE;
				CLANG_CXX_LANGUAGE_STANDARD = "gnu++14";
				CLANG_CXX_LIBRARY = "libc++";
				CLANG_ENABLE_MODULES = YES;
				CLANG_ENABLE_OBJC_ARC = YES;
				CLANG_ENABLE_OBJC_WEAK = YES;
				CLANG_WARN_BLOCK_CAPTURE_AUTORELEASING = YES;
				CLANG_WARN_BOOL_CONVERSION = YES;
				CLANG_WARN_COMMA = YES;
				CLANG_WARN_CONSTANT_CONVERSION = YES;
				CLANG_WARN_DEPRECATED_OBJC_IMPLEMENTATIONS = YES;
				CLANG_WARN_DIRECT_OBJC_ISA_USAGE = YES_ERROR;
				CLANG_WARN_DOCUMENTATION_COMMENTS = YES;
				CLANG_WARN_EMPTY_BODY = YES;
				CLANG_WARN_ENUM_CONVERSION = YES;
				CLANG_WARN_INFINITE_RECURSION = YES;
				CLANG_WARN_INT_CONVERSION = YES;
				CLANG_WARN_NON_LITERAL_NULL_CONVERSION = YES;
				CLANG_WARN_OBJC_IMPLICIT_RETAIN_SELF = YES;
				CLANG_WARN_OBJC_LITERAL_CONVERSION = YES;
				CLANG_WARN_OBJC_ROOT_CLASS = YES_ERROR;
				CLANG_WARN_QUOTED_INCLUDE_IN_FRAMEWORK_HEADER = YES;
				CLANG_WARN_RANGE_LOOP_ANALYSIS = YES;
				CLANG_WARN_STRICT_PROTOTYPES = YES;
				CLANG_WARN_SUSPICIOUS_MOVE = YES;
				CLANG_WARN_UNGUARDED_AVAILABILITY = YES_AGGRESSIVE;
				CLANG_WARN_UNREACHABLE_CODE = YES;
				CLANG_WARN__DUPLICATE_METHOD_MATCH = YES;
				COPY_PHASE_STRIP = NO;
				DEBUG_INFORMATION_FORMAT = "dwarf-with-dsym";
				ENABLE_NS_ASSERTIONS = NO;
				ENABLE_STRICT_OBJC_MSGSEND = YES;
				GCC_C_LANGUAGE_STANDARD = gnu11;
				GCC_NO_COMMON_BLOCKS = YES;
				GCC_WARN_64_TO_32_BIT_CONVERSION = YES;
				GCC_WARN_ABOUT_RETURN_TYPE = YES_ERROR;
				GCC_WARN_UNDECLARED_SELECTOR = YES;
				GCC_WARN_UNINITIALIZED_AUTOS = YES_AGGRESSIVE;
				GCC_WARN_UNUSED_FUNCTION = YES;
				GCC_WARN_UNUSED_VARIABLE = YES;
				IPHONEOS_DEPLOYMENT_TARGET = 14.5;
				MTL_ENABLE_DEBUG_INFO = NO;
				MTL_FAST_MATH = YES;
				SDKROOT = iphoneos;
				SWIFT_COMPILATION_MODE = wholemodule;
				SWIFT_OPTIMIZATION_LEVEL = "-O";
				VALIDATE_PRODUCT = YES;
			};
			name = Release;
		};
		EBD6158D2673DAA200AF7E8F /* Debug */ = {
			isa = XCBuildConfiguration;
			buildSettings = {
				ASSETCATALOG_COMPILER_APPICON_NAME = AppIcon;
				ASSETCATALOG_COMPILER_GLOBAL_ACCENT_COLOR_NAME = AccentColor;
				CODE_SIGN_STYLE = Automatic;
				DEVELOPMENT_TEAM = 323DVQ3SYM;
				INFOPLIST_FILE = Netology_IB_Instruments/Info.plist;
				LD_RUNPATH_SEARCH_PATHS = (
					"$(inherited)",
					"@executable_path/Frameworks",
				);
				PRODUCT_BUNDLE_IDENTIFIER = ru.mikbel;
				PRODUCT_NAME = "$(TARGET_NAME)";
				SWIFT_VERSION = 5.0;
				TARGETED_DEVICE_FAMILY = "1,2";
			};
			name = Debug;
		};
		EBD6158E2673DAA200AF7E8F /* Release */ = {
			isa = XCBuildConfiguration;
			buildSettings = {
				ASSETCATALOG_COMPILER_APPICON_NAME = AppIcon;
				ASSETCATALOG_COMPILER_GLOBAL_ACCENT_COLOR_NAME = AccentColor;
				CODE_SIGN_STYLE = Automatic;
				DEVELOPMENT_TEAM = 323DVQ3SYM;
				INFOPLIST_FILE = Netology_IB_Instruments/Info.plist;
				LD_RUNPATH_SEARCH_PATHS = (
					"$(inherited)",
					"@executable_path/Frameworks",
				);
				PRODUCT_BUNDLE_IDENTIFIER = ru.mikbel;
				PRODUCT_NAME = "$(TARGET_NAME)";
				SWIFT_VERSION = 5.0;
				TARGETED_DEVICE_FAMILY = "1,2";
			};
			name = Release;
		};
/* End XCBuildConfiguration section */

/* Begin XCConfigurationList section */
		EBD615732673DA9F00AF7E8F /* Build configuration list for PBXProject "Netology_IB_Instruments" */ = {
			isa = XCConfigurationList;
			buildConfigurations = (
				EBD6158A2673DAA200AF7E8F /* Debug */,
				EBD6158B2673DAA200AF7E8F /* Release */,
			);
			defaultConfigurationIsVisible = 0;
			defaultConfigurationName = Release;
		};
		EBD6158C2673DAA200AF7E8F /* Build configuration list for PBXNativeTarget "Netology_IB_Instruments" */ = {
			isa = XCConfigurationList;
			buildConfigurations = (
				EBD6158D2673DAA200AF7E8F /* Debug */,
				EBD6158E2673DAA200AF7E8F /* Release */,
			);
			defaultConfigurationIsVisible = 0;
			defaultConfigurationName = Release;
		};
/* End XCConfigurationList section */
	};
	rootObject = EBD615702673DA9F00AF7E8F /* Project object */;
}
